
Microsoft Visual Studio Solution File, Format Version 12.00
# Visual Studio 2012
Project("{FAE04EC0-301F-11D3-BF4B-00C04F79EFBC}") = "CudafyTextureSample", "CudafyOpenTK\CudafyTextureSample.csproj", "{F7D2113D-2D00-4E60-802F-FBDBEF802B2F}"
EndProject
Project("{FAE04EC0-301F-11D3-BF4B-00C04F79EFBC}") = "Common", "Common\Common.csproj", "{ABCC1FAA-8A82-4644-840E-97FA14289CB5}"
EndProject
Project("{2150E333-8FDC-42A3-9474-1A3956D46DE8}") = "Dependencies", "Dependencies", "{00F1D52C-F52A-4FBC-9F17-5F9000415274}"
	ProjectSection(SolutionItems) = preProject
		Dependencies\Cudafy.NET.dll = Dependencies\Cudafy.NET.dll
		Dependencies\OpenTK.dll = Dependencies\OpenTK.dll
		Dependencies\OpenTK.dll.config = Dependencies\OpenTK.dll.config
	EndProjectSection
EndProject
Global
	GlobalSection(SolutionConfigurationPlatforms) = preSolution
		Debug|Any CPU = Debug|Any CPU
		Debug|x64 = Debug|x64
		Debug|x86 = Debug|x86
		Release|Any CPU = Release|Any CPU
		Release|x64 = Release|x64
		Release|x86 = Release|x86
	EndGlobalSection
	GlobalSection(ProjectConfigurationPlatforms) = postSolution
		{F7D2113D-2D00-4E60-802F-FBDBEF802B2F}.Debug|Any CPU.ActiveCfg = Debug|Any CPU
		{F7D2113D-2D00-4E60-802F-FBDBEF802B2F}.Debug|Any CPU.Build.0 = Debug|Any CPU
		{F7D2113D-2D00-4E60-802F-FBDBEF802B2F}.Debug|x64.ActiveCfg = Debug|Any CPU
		{F7D2113D-2D00-4E60-802F-FBDBEF802B2F}.Debug|x64.Build.0 = Debug|Any CPU
		{F7D2113D-2D00-4E60-802F-FBDBEF802B2F}.Debug|x86.ActiveCfg = Debug|Any CPU
		{F7D2113D-2D00-4E60-802F-FBDBEF802B2F}.Debug|x86.Build.0 = Debug|Any CPU
		{F7D2113D-2D00-4E60-802F-FBDBEF802B2F}.Release|Any CPU.ActiveCfg = Release|Any CPU
		{F7D2113D-2D00-4E60-802F-FBDBEF802B2F}.Release|Any CPU.Build.0 = Release|Any CPU
		{F7D2113D-2D00-4E60-802F-FBDBEF802B2F}.Release|x64.ActiveCfg = Release|Any CPU
		{F7D2113D-2D00-4E60-802F-FBDBEF802B2F}.Release|x86.ActiveCfg = Release|Any CPU
		{ABCC1FAA-8A82-4644-840E-97FA14289CB5}.Debug|Any CPU.ActiveCfg = Debug|Any CPU
		{ABCC1FAA-8A82-4644-840E-97FA14289CB5}.Debug|Any CPU.Build.0 = Debug|Any CPU
		{ABCC1FAA-8A82-4644-840E-97FA14289CB5}.Debug|x64.ActiveCfg = Debug|Any CPU
		{ABCC1FAA-8A82-4644-840E-97FA14289CB5}.Debug|x86.ActiveCfg = Debug|Any CPU
		{ABCC1FAA-8A82-4644-840E-97FA14289CB5}.Release|Any CPU.ActiveCfg = Release|Any CPU
		{ABCC1FAA-8A82-4644-840E-97FA14289CB5}.Release|Any CPU.Build.0 = Release|Any CPU
		{ABCC1FAA-8A82-4644-840E-97FA14289CB5}.Release|x64.ActiveCfg = Release|Any CPU
		{ABCC1FAA-8A82-4644-840E-97FA14289CB5}.Release|x86.ActiveCfg = Release|Any CPU
	EndGlobalSection
	GlobalSection(SolutionProperties) = preSolution
		HideSolutionNode = FALSE
	EndGlobalSection
EndGlobal
